
Microsoft Visual Studio Solution File, Format Version 12.00
# Visual Studio Version 16
VisualStudioVersion = 16.0.29102.190
MinimumVisualStudioVersion = 10.0.40219.1
Project("{FAE04EC0-301F-11D3-BF4B-00C04F79EFBC}") = "RockPaperScissors", "RockPaperScissors.csproj", "{2B841091-5CC7-4B10-B2F6-157770D85537}"
EndProject
Global
	GlobalSection(SolutionConfigurationPlatforms) = preSolution
		Debug|Any CPU = Debug|Any CPU
		Release|Any CPU = Release|Any CPU
	EndGlobalSection
	GlobalSection(ProjectConfigurationPlatforms) = postSolution
		{2B841091-5CC7-4B10-B2F6-157770D85537}.Debug|Any CPU.ActiveCfg = Debug|Any CPU
		{2B841091-5CC7-4B10-B2F6-157770D85537}.Debug|Any CPU.Build.0 = Debug|Any CPU
		{2B841091-5CC7-4B10-B2F6-157770D85537}.Release|Any CPU.ActiveCfg = Release|Any CPU
		{2B841091-5CC7-4B10-B2F6-157770D85537}.Release|Any CPU.Build.0 = Release|Any CPU
	EndGlobalSection
	GlobalSection(SolutionProperties) = preSolution
		HideSolutionNode = FALSE
	EndGlobalSection
	GlobalSection(ExtensibilityGlobals) = postSolution
		SolutionGuid = {F0836993-5672-432C-A827-2A3219C6A1A4}
	EndGlobalSection
EndGlobal
